{
  "requires": true,
  "lockfileVersion": 1,
  "dependencies": {
    "classnames": {
      "version": "2.3.1",
      "resolved": "https://registry.npmjs.org/classnames/-/classnames-2.3.1.tgz",
      "integrity": "sha512-OlQdbZ7gLfGarSqxesMesDa5uz7KFbID8Kpq/SxIoNGDqY8lSYs0D+hhtBXhcdB3rcbXArFr7vlHheLk1voeNA=="
    },
    "react-bulma-components": {
      "version": "4.0.7",
      "resolved": "https://registry.npmjs.org/react-bulma-components/-/react-bulma-components-4.0.7.tgz",
      "integrity": "sha512-F6dsnkKWQU+dtaLO2gB+0RSbPBQAPIhzjn5C3SvUab7qJXlCM3mqy8+Rqc4j5UZdvfRjqwl4MKpkYSTAX6Z2ag==",
      "requires": {
        "classnames": "2.3.1"
      }
    }
  }
}
